schema: '2.0'
stages:
  indexing:
    cmd: python indexing.py
    deps:
    - path: common.py
      hash: md5
      md5: 0935d60020d5b21cc575216d7bd1f287
      size: 50481
    - path: data/processed/transcript_chunks_with_timestamps.jsonl
      hash: md5
      md5: 0480a16d544a038d100380f11f935f89
      size: 1510428
    - path: indexing.py
      hash: md5
      md5: 0730f136d67e44aa8939e619d8554217
      size: 13265
    - path: input/slide/
      hash: md5
      md5: f65cb39bafcda1d62f6b2b696ba28b29.dir
      size: 17754739
      nfiles: 11
    outs:
    - path: data/indexes/
      hash: md5
      md5: a7a67ad22c5ed3832709cd644f77261d.dir
      size: 23868360
      nfiles: 6
    - path: data/processed/concept_chunks.jsonl
      hash: md5
      md5: 1e25b9f604e0c1bf794eeb89cbe2cb5e
      size: 1731939
  benchmark_rag:
    cmd: mkdir -p data/benchmarks && python advanced_retrieval.py adaptive > 
      data/benchmarks/rag_benchmark.log 2>&1
    deps:
    - path: advanced_retrieval.py
      hash: md5
      md5: cf7e32e673f0344ff0c062206f5cc651
      size: 17028
    - path: data/indexes/
      hash: md5
      md5: 16bd96642f32f416fc114483442d6082.dir
      size: 23868360
      nfiles: 6
    outs:
    - path: data/benchmarks/
      hash: md5
      md5: de1542f1b98cb6a14fe4c5d6dbc71609.dir
      size: 3663
      nfiles: 1
  transcript_chunking:
    cmd: python chunk_transcripts.py
    deps:
    - path: chunk_transcripts.py
      hash: md5
      md5: 7398c48c503480af265a44b062a467e8
      size: 16270
    - path: common.py
      hash: md5
      md5: 0935d60020d5b21cc575216d7bd1f287
      size: 50481
    - path: input/transcribe_data/
      hash: md5
      md5: ea258148e030a031b05fdff0e32d3258.dir
      size: 27638753
      nfiles: 79
    - path: input/videos1.txt
      hash: md5
      md5: b25f95ee66d007f6845c898c95051627
      size: 5960
    outs:
    - path: data/processed/transcript_chunks_with_timestamps.jsonl
      hash: md5
      md5: 0480a16d544a038d100380f11f935f89
      size: 1510428
