schema: '2.0'
stages:
  indexing:
    cmd: python indexing.py
    deps:
    - path: common.py
      hash: md5
      md5: c0e5f3e4343c1076c6064d9967d7b726
      size: 52016
    - path: data/processed/transcript_chunks_with_timestamps.jsonl
      hash: md5
      md5: 0480a16d544a038d100380f11f935f89
      size: 1510428
    - path: indexing.py
      hash: md5
      md5: 0730f136d67e44aa8939e619d8554217
      size: 13265
    - path: input/slide/
      hash: md5
      md5: f65cb39bafcda1d62f6b2b696ba28b29.dir
      size: 17754739
      nfiles: 11
    outs:
    - path: data/indexes/
      hash: md5
      md5: a2467f5b5838452f3ce4b9a483cfad8d.dir
      size: 23839552
      nfiles: 6
    - path: data/processed/concept_chunks.jsonl
      hash: md5
      md5: 1e25b9f604e0c1bf794eeb89cbe2cb5e
      size: 1731939
  benchmark_rag:
    cmd: mkdir -p data/benchmarks && python advanced_retrieval.py adaptive > 
      data/benchmarks/rag_benchmark.log 2>&1
    deps:
    - path: advanced_retrieval.py
      hash: md5
      md5: b6c441da31e698e9a935ada50ddc0c8d
      size: 18926
    - path: data/indexes/
      hash: md5
      md5: 09bf0529ee29149a247656e5c0147ef1.dir
      size: 23839552
      nfiles: 6
    outs:
    - path: data/benchmarks/
      hash: md5
      md5: bed965b0a6303ecbcdf600ed09a2080b.dir
      size: 4084
      nfiles: 1
  transcript_chunking:
    cmd: python chunk_transcripts.py
    deps:
    - path: chunk_transcripts.py
      hash: md5
      md5: 7398c48c503480af265a44b062a467e8
      size: 16270
    - path: common.py
      hash: md5
      md5: c0e5f3e4343c1076c6064d9967d7b726
      size: 52016
    - path: input/transcribe_data/
      hash: md5
      md5: ea258148e030a031b05fdff0e32d3258.dir
      size: 27638753
      nfiles: 79
    - path: input/videos1.txt
      hash: md5
      md5: b25f95ee66d007f6845c898c95051627
      size: 5960
    outs:
    - path: data/processed/transcript_chunks_with_timestamps.jsonl
      hash: md5
      md5: 0480a16d544a038d100380f11f935f89
      size: 1510428
